
Microsoft Visual Studio Solution File, Format Version 12.00
# Visual Studio Version 16
VisualStudioVersion = 16.0.31624.102
MinimumVisualStudioVersion = 10.0.40219.1
Project("{FAE04EC0-301F-11D3-BF4B-00C04F79EFBC}") = "pamoka_3", "pamoka_3.csproj", "{C9B8CF43-3299-4CBD-AA79-9A1AD82F810A}"
EndProject
Global
	GlobalSection(SolutionConfigurationPlatforms) = preSolution
		Debug|Any CPU = Debug|Any CPU
		Release|Any CPU = Release|Any CPU
	EndGlobalSection
	GlobalSection(ProjectConfigurationPlatforms) = postSolution
		{C9B8CF43-3299-4CBD-AA79-9A1AD82F810A}.Debug|Any CPU.ActiveCfg = Debug|Any CPU
		{C9B8CF43-3299-4CBD-AA79-9A1AD82F810A}.Debug|Any CPU.Build.0 = Debug|Any CPU
		{C9B8CF43-3299-4CBD-AA79-9A1AD82F810A}.Release|Any CPU.ActiveCfg = Release|Any CPU
		{C9B8CF43-3299-4CBD-AA79-9A1AD82F810A}.Release|Any CPU.Build.0 = Release|Any CPU
	EndGlobalSection
	GlobalSection(SolutionProperties) = preSolution
		HideSolutionNode = FALSE
	EndGlobalSection
	GlobalSection(ExtensibilityGlobals) = postSolution
		SolutionGuid = {C79D43FD-CB26-41A1-859A-76421242AE0D}
	EndGlobalSection
EndGlobal
